# generated by rye
# use `rye lock` or `rye sync` to update this lockfile
#
# last locked with the following flags:
#   pre: false
#   features: []
#   all-features: false
#   with-sources: false
#   generate-hashes: false
#   universal: true

-e file:.
aiocache==0.12.2
    # via fastapi-caching-route
annotated-types==0.7.0
    # via pydantic
anyio==4.4.0
    # via httpx
    # via starlette
    # via watchfiles
babel==2.16.0
    # via mkdocs-material
certifi==2024.8.30
    # via httpcore
    # via httpx
    # via requests
charset-normalizer==3.3.2
    # via requests
click==8.1.7
    # via mkdocs
    # via mkdocstrings
    # via uvicorn
colorama==0.4.6
    # via click
    # via griffe
    # via mkdocs
    # via mkdocs-material
    # via pytest
    # via uvicorn
coverage==7.6.1
fastapi-slim==0.114.0
ghp-import==2.1.0
    # via mkdocs
griffe==1.2.0
    # via griffe-typingdoc
    # via mkdocstrings-python
griffe-typingdoc==0.2.6
h11==0.14.0
    # via httpcore
    # via uvicorn
httpcore==1.0.5
    # via httpx
httptools==0.6.1
    # via uvicorn
httpx==0.27.2
idna==3.8
    # via anyio
    # via httpx
    # via requests
iniconfig==2.0.0
    # via pytest
jinja2==3.1.4
    # via mkdocs
    # via mkdocs-material
    # via mkdocstrings
markdown==3.7
    # via markdown-include
    # via mkdocs
    # via mkdocs-autorefs
    # via mkdocs-material
    # via mkdocstrings
    # via pymdown-extensions
markdown-include==0.8.1
markupsafe==2.1.5
    # via jinja2
    # via mkdocs
    # via mkdocs-autorefs
    # via mkdocstrings
mergedeep==1.3.4
    # via mkdocs
    # via mkdocs-get-deps
mkdocs==1.6.1
    # via mkdocs-autorefs
    # via mkdocs-material
    # via mkdocstrings
mkdocs-autorefs==1.2.0
    # via mkdocstrings
    # via mkdocstrings-python
mkdocs-get-deps==0.2.0
    # via mkdocs
mkdocs-material==9.5.34
mkdocs-material-extensions==1.3.1
    # via mkdocs-material
mkdocstrings==0.26.1
    # via mkdocstrings-python
mkdocstrings-python==1.11.1
    # via mkdocstrings
mypy==1.11.2
mypy-extensions==1.0.0
    # via mypy
packaging==24.1
    # via mkdocs
    # via pytest
paginate==0.5.7
    # via mkdocs-material
pathspec==0.12.1
    # via mkdocs
platformdirs==4.3.2
    # via mkdocs-get-deps
    # via mkdocstrings
pluggy==1.5.0
    # via pytest
pydantic==2.9.1
    # via fastapi-slim
pydantic-core==2.23.3
    # via pydantic
pygments==2.18.0
    # via mkdocs-material
pymdown-extensions==10.9
    # via mkdocs-material
    # via mkdocstrings
pytest==8.3.2
python-dateutil==2.9.0.post0
    # via ghp-import
python-dotenv==1.0.1
    # via uvicorn
pyyaml==6.0.2
    # via mkdocs
    # via mkdocs-get-deps
    # via pymdown-extensions
    # via pyyaml-env-tag
    # via uvicorn
pyyaml-env-tag==0.1
    # via mkdocs
regex==2024.7.24
    # via mkdocs-material
requests==2.32.3
    # via mkdocs-material
six==1.16.0
    # via python-dateutil
sniffio==1.3.1
    # via anyio
    # via httpx
starlette==0.38.5
    # via fastapi-slim
typing-extensions==4.12.2
    # via fastapi-slim
    # via griffe-typingdoc
    # via mypy
    # via pydantic
    # via pydantic-core
urllib3==2.2.2
    # via requests
uvicorn==0.30.6
uvloop==0.20.0 ; platform_python_implementation != 'PyPy' and sys_platform != 'cygwin' and sys_platform != 'win32'
    # via uvicorn
watchdog==5.0.2
    # via mkdocs
watchfiles==0.24.0
    # via uvicorn
websockets==13.0.1
    # via uvicorn
